// !$*UTF8*$!
{
	archiveVersion = 1;
	classes = {
	};
	objectVersion = 46;
	objects = {

/* Begin PBXBuildFile section */
		213DA42019F5233E00D690BE /* SagradaFamilia.jpeg in Resources */ = {isa = PBXBuildFile; fileRef = 213DA41F19F5233E00D690BE /* SagradaFamilia.jpeg */; };
		215F730019F18E970013787C /* AppDelegate.swift in Sources */ = {isa = PBXBuildFile; fileRef = 215F72FF19F18E970013787C /* AppDelegate.swift */; };
		215F730219F18E970013787C /* ViewController.swift in Sources */ = {isa = PBXBuildFile; fileRef = 215F730119F18E970013787C /* ViewController.swift */; };
		215F730519F18E970013787C /* Main.storyboard in Resources */ = {isa = PBXBuildFile; fileRef = 215F730319F18E970013787C /* Main.storyboard */; };
		215F730719F18E970013787C /* Images.xcassets in Resources */ = {isa = PBXBuildFile; fileRef = 215F730619F18E970013787C /* Images.xcassets */; };
		215F730A19F18E970013787C /* LaunchScreen.xib in Resources */ = {isa = PBXBuildFile; fileRef = 215F730819F18E970013787C /* LaunchScreen.xib */; };
		215F731619F18E970013787C /* PostcardTests.swift in Sources */ = {isa = PBXBuildFile; fileRef = 215F731519F18E970013787C /* PostcardTests.swift */; };
		21ABDE0319F58E5800AC9B29 /* AlbertEinsteinStamp.jpg in Resources */ = {isa = PBXBuildFile; fileRef = 21ABDE0219F58E5800AC9B29 /* AlbertEinsteinStamp.jpg */; };
/* End PBXBuildFile section */

/* Begin PBXContainerItemProxy section */
		215F731019F18E970013787C /* PBXContainerItemProxy */ = {
			isa = PBXContainerItemProxy;
			containerPortal = 215F72F219F18E970013787C /* Project object */;
			proxyType = 1;
			remoteGlobalIDString = 215F72F919F18E970013787C;
			remoteInfo = Postcard;
		};
/* End PBXContainerItemProxy section */

/* Begin PBXFileReference section */
		213DA41F19F5233E00D690BE /* SagradaFamilia.jpeg */ = {isa = PBXFileReference; lastKnownFileType = image.jpeg; path = SagradaFamilia.jpeg; sourceTree = "<group>"; };
		215F72FA19F18E970013787C /* Postcard.app */ = {isa = PBXFileReference; explicitFileType = wrapper.application; includeInIndex = 0; path = Postcard.app; sourceTree = BUILT_PRODUCTS_DIR; };
		215F72FE19F18E970013787C /* Info.plist */ = {isa = PBXFileReference; lastKnownFileType = text.plist.xml; path = Info.plist; sourceTree = "<group>"; };
		215F72FF19F18E970013787C /* AppDelegate.swift */ = {isa = PBXFileReference; lastKnownFileType = sourcecode.swift; path = AppDelegate.swift; sourceTree = "<group>"; };
		215F730119F18E970013787C /* ViewController.swift */ = {isa = PBXFileReference; lastKnownFileType = sourcecode.swift; path = ViewController.swift; sourceTree = "<group>"; };
		215F730419F18E970013787C /* Base */ = {isa = PBXFileReference; lastKnownFileType = file.storyboard; name = Base; path = Base.lproj/Main.storyboard; sourceTree = "<group>"; };
		215F730619F18E970013787C /* Images.xcassets */ = {isa = PBXFileReference; lastKnownFileType = folder.assetcatalog; path = Images.xcassets; sourceTree = "<group>"; };
		215F730919F18E970013787C /* Base */ = {isa = PBXFileReference; lastKnownFileType = file.xib; name = Base; path = Base.lproj/LaunchScreen.xib; sourceTree = "<group>"; };
		215F730F19F18E970013787C /* PostcardTests.xctest */ = {isa = PBXFileReference; explicitFileType = wrapper.cfbundle; includeInIndex = 0; path = PostcardTests.xctest; sourceTree = BUILT_PRODUCTS_DIR; };
		215F731419F18E970013787C /* Info.plist */ = {isa = PBXFileReference; lastKnownFileType = text.plist.xml; path = Info.plist; sourceTree = "<group>"; };
		215F731519F18E970013787C /* PostcardTests.swift */ = {isa = PBXFileReference; lastKnownFileType = sourcecode.swift; path = PostcardTests.swift; sourceTree = "<group>"; };
		21ABDE0219F58E5800AC9B29 /* AlbertEinsteinStamp.jpg */ = {isa = PBXFileReference; lastKnownFileType = image.jpeg; path = AlbertEinsteinStamp.jpg; sourceTree = "<group>"; };
/* End PBXFileReference section */

/* Begin PBXFrameworksBuildPhase section */
		215F72F719F18E970013787C /* Frameworks */ = {
			isa = PBXFrameworksBuildPhase;
			buildActionMask = 2147483647;
			files = (
			);
			runOnlyForDeploymentPostprocessing = 0;
		};
		215F730C19F18E970013787C /* Frameworks */ = {
			isa = PBXFrameworksBuildPhase;
			buildActionMask = 2147483647;
			files = (
			);
			runOnlyForDeploymentPostprocessing = 0;
		};
/* End PBXFrameworksBuildPhase section */

/* Begin PBXGroup section */
		215F72F119F18E970013787C = {
			isa = PBXGroup;
			children = (
				215F72FC19F18E970013787C /* Postcard */,
				215F731219F18E970013787C /* PostcardTests */,
				215F72FB19F18E970013787C /* Products */,
			);
			sourceTree = "<group>";
		};
		215F72FB19F18E970013787C /* Products */ = {
			isa = PBXGroup;
			children = (
				215F72FA19F18E970013787C /* Postcard.app */,
				215F730F19F18E970013787C /* PostcardTests.xctest */,
			);
			name = Products;
			sourceTree = "<group>";
		};
		215F72FC19F18E970013787C /* Postcard */ = {
			isa = PBXGroup;
			children = (
				215F72FF19F18E970013787C /* AppDelegate.swift */,
				215F730119F18E970013787C /* ViewController.swift */,
				215F730319F18E970013787C /* Main.storyboard */,
				215F730619F18E970013787C /* Images.xcassets */,
				215F730819F18E970013787C /* LaunchScreen.xib */,
				215F72FD19F18E970013787C /* Supporting Files */,
			);
			path = Postcard;
			sourceTree = "<group>";
		};
		215F72FD19F18E970013787C /* Supporting Files */ = {
			isa = PBXGroup;
			children = (
				21ABDE0219F58E5800AC9B29 /* AlbertEinsteinStamp.jpg */,
				213DA41F19F5233E00D690BE /* SagradaFamilia.jpeg */,
				215F72FE19F18E970013787C /* Info.plist */,
			);
			name = "Supporting Files";
			sourceTree = "<group>";
		};
		215F731219F18E970013787C /* PostcardTests */ = {
			isa = PBXGroup;
			children = (
				215F731519F18E970013787C /* PostcardTests.swift */,
				215F731319F18E970013787C /* Supporting Files */,
			);
			path = PostcardTests;
			sourceTree = "<group>";
		};
		215F731319F18E970013787C /* Supporting Files */ = {
			isa = PBXGroup;
			children = (
				215F731419F18E970013787C /* Info.plist */,
			);
			name = "Supporting Files";
			sourceTree = "<group>";
		};
/* End PBXGroup section */

/* Begin PBXNativeTarget section */
		215F72F919F18E970013787C /* Postcard */ = {
			isa = PBXNativeTarget;
			buildConfigurationList = 215F731919F18E970013787C /* Build configuration list for PBXNativeTarget "Postcard" */;
			buildPhases = (
				215F72F619F18E970013787C /* Sources */,
				215F72F719F18E970013787C /* Frameworks */,
				215F72F819F18E970013787C /* Resources */,
			);
			buildRules = (
			);
			dependencies = (
			);
			name = Postcard;
			productName = Postcard;
			productReference = 215F72FA19F18E970013787C /* Postcard.app */;
			productType = "com.apple.product-type.application";
		};
		215F730E19F18E970013787C /* PostcardTests */ = {
			isa = PBXNativeTarget;
			buildConfigurationList = 215F731C19F18E970013787C /* Build configuration list for PBXNativeTarget "PostcardTests" */;
			buildPhases = (
				215F730B19F18E970013787C /* Sources */,
				215F730C19F18E970013787C /* Frameworks */,
				215F730D19F18E970013787C /* Resources */,
			);
			buildRules = (
			);
			dependencies = (
				215F731119F18E970013787C /* PBXTargetDependency */,
			);
			name = PostcardTests;
			productName = PostcardTests;
			productReference = 215F730F19F18E970013787C /* PostcardTests.xctest */;
			productType = "com.apple.product-type.bundle.unit-test";
		};
/* End PBXNativeTarget section */

/* Begin PBXProject section */
		215F72F219F18E970013787C /* Project object */ = {
			isa = PBXProject;
			attributes = {
				LastUpgradeCheck = 0600;
				ORGANIZATIONNAME = "Adrian S .Stoica PFA";
				TargetAttributes = {
					215F72F919F18E970013787C = {
						CreatedOnToolsVersion = 6.0.1;
					};
					215F730E19F18E970013787C = {
						CreatedOnToolsVersion = 6.0.1;
						TestTargetID = 215F72F919F18E970013787C;
					};
				};
			};
			buildConfigurationList = 215F72F519F18E970013787C /* Build configuration list for PBXProject "Postcard" */;
			compatibilityVersion = "Xcode 3.2";
			developmentRegion = English;
			hasScannedForEncodings = 0;
			knownRegions = (
				en,
				Base,
			);
			mainGroup = 215F72F119F18E970013787C;
			productRefGroup = 215F72FB19F18E970013787C /* Products */;
			projectDirPath = "";
			projectRoot = "";
			targets = (
				215F72F919F18E970013787C /* Postcard */,
				215F730E19F18E970013787C /* PostcardTests */,
			);
		};
/* End PBXProject section */

/* Begin PBXResourcesBuildPhase section */
		215F72F819F18E970013787C /* Resources */ = {
			isa = PBXResourcesBuildPhase;
			buildActionMask = 2147483647;
			files = (
				215F730519F18E970013787C /* Main.storyboard in Resources */,
				213DA42019F5233E00D690BE /* SagradaFamilia.jpeg in Resources */,
				21ABDE0319F58E5800AC9B29 /* AlbertEinsteinStamp.jpg in Resources */,
				215F730A19F18E970013787C /* LaunchScreen.xib in Resources */,
				215F730719F18E970013787C /* Images.xcassets in Resources */,
			);
			runOnlyForDeploymentPostprocessing = 0;
		};
		215F730D19F18E970013787C /* Resources */ = {
			isa = PBXResourcesBuildPhase;
			buildActionMask = 2147483647;
			files = (
			);
			runOnlyForDeploymentPostprocessing = 0;
		};
/* End PBXResourcesBuildPhase section */

/* Begin PBXSourcesBuildPhase section */
		215F72F619F18E970013787C /* Sources */ = {
			isa = PBXSourcesBuildPhase;
			buildActionMask = 2147483647;
			files = (
				215F730219F18E970013787C /* ViewController.swift in Sources */,
				215F730019F18E970013787C /* AppDelegate.swift in Sources */,
			);
			runOnlyForDeploymentPostprocessing = 0;
		};
		215F730B19F18E970013787C /* Sources */ = {
			isa = PBXSourcesBuildPhase;
			buildActionMask = 2147483647;
			files = (
				215F731619F18E970013787C /* PostcardTests.swift in Sources */,
			);
			runOnlyForDeploymentPostprocessing = 0;
		};
/* End PBXSourcesBuildPhase section */

/* Begin PBXTargetDependency section */
		215F731119F18E970013787C /* PBXTargetDependency */ = {
			isa = PBXTargetDependency;
			target = 215F72F919F18E970013787C /* Postcard */;
			targetProxy = 215F731019F18E970013787C /* PBXContainerItemProxy */;
		};
/* End PBXTargetDependency section */

/* Begin PBXVariantGroup section */
		215F730319F18E970013787C /* Main.storyboard */ = {
			isa = PBXVariantGroup;
			children = (
				215F730419F18E970013787C /* Base */,
			);
			name = Main.storyboard;
			sourceTree = "<group>";
		};
		215F730819F18E970013787C /* LaunchScreen.xib */ = {
			isa = PBXVariantGroup;
			children = (
				215F730919F18E970013787C /* Base */,
			);
			name = LaunchScreen.xib;
			sourceTree = "<group>";
		};
/* End PBXVariantGroup section */

/* Begin XCBuildConfiguration section */
		215F731719F18E970013787C /* Debug */ = {
			isa = XCBuildConfiguration;
			buildSettings = {
				ALWAYS_SEARCH_USER_PATHS = NO;
				CLANG_CXX_LANGUAGE_STANDARD = "gnu++0x";
				CLANG_CXX_LIBRARY = "libc++";
				CLANG_ENABLE_MODULES = YES;
				CLANG_ENABLE_OBJC_ARC = YES;
				CLANG_WARN_BOOL_CONVERSION = YES;
				CLANG_WARN_CONSTANT_CONVERSION = YES;
				CLANG_WARN_DIRECT_OBJC_ISA_USAGE = YES_ERROR;
				CLANG_WARN_EMPTY_BODY = YES;
				CLANG_WARN_ENUM_CONVERSION = YES;
				CLANG_WARN_INT_CONVERSION = YES;
				CLANG_WARN_OBJC_ROOT_CLASS = YES_ERROR;
				CLANG_WARN_UNREACHABLE_CODE = YES;
				CLANG_WARN__DUPLICATE_METHOD_MATCH = YES;
				"CODE_SIGN_IDENTITY[sdk=iphoneos*]" = "iPhone Developer";
				COPY_PHASE_STRIP = NO;
				ENABLE_STRICT_OBJC_MSGSEND = YES;
				GCC_C_LANGUAGE_STANDARD = gnu99;
				GCC_DYNAMIC_NO_PIC = NO;
				GCC_OPTIMIZATION_LEVEL = 0;
				GCC_PREPROCESSOR_DEFINITIONS = (
					"DEBUG=1",
					"$(inherited)",
				);
				GCC_SYMBOLS_PRIVATE_EXTERN = NO;
				GCC_WARN_64_TO_32_BIT_CONVERSION = YES;
				GCC_WARN_ABOUT_RETURN_TYPE = YES_ERROR;
				GCC_WARN_UNDECLARED_SELECTOR = YES;
				GCC_WARN_UNINITIALIZED_AUTOS = YES_AGGRESSIVE;
				GCC_WARN_UNUSED_FUNCTION = YES;
				GCC_WARN_UNUSED_VARIABLE = YES;
				IPHONEOS_DEPLOYMENT_TARGET = 8.0;
				MTL_ENABLE_DEBUG_INFO = YES;
				ONLY_ACTIVE_ARCH = YES;
				SDKROOT = iphoneos;
				SWIFT_OPTIMIZATION_LEVEL = "-Onone";
				TARGETED_DEVICE_FAMILY = "1,2";
			};
			name = Debug;
		};
		215F731819F18E970013787C /* Release */ = {
			isa = XCBuildConfiguration;
			buildSettings = {
				ALWAYS_SEARCH_USER_PATHS = NO;
				CLANG_CXX_LANGUAGE_STANDARD = "gnu++0x";
				CLANG_CXX_LIBRARY = "libc++";
				CLANG_ENABLE_MODULES = YES;
				CLANG_ENABLE_OBJC_ARC = YES;
				CLANG_WARN_BOOL_CONVERSION = YES;
				CLANG_WARN_CONSTANT_CONVERSION = YES;
				CLANG_WARN_DIRECT_OBJC_ISA_USAGE = YES_ERROR;
				CLANG_WARN_EMPTY_BODY = YES;
				CLANG_WARN_ENUM_CONVERSION = YES;
				CLANG_WARN_INT_CONVERSION = YES;
				CLANG_WARN_OBJC_ROOT_CLASS = YES_ERROR;
				CLANG_WARN_UNREACHABLE_CODE = YES;
				CLANG_WARN__DUPLICATE_METHOD_MATCH = YES;
				"CODE_SIGN_IDENTITY[sdk=iphoneos*]" = "iPhone Developer";
				COPY_PHASE_STRIP = YES;
				ENABLE_NS_ASSERTIONS = NO;
				ENABLE_STRICT_OBJC_MSGSEND = YES;
				GCC_C_LANGUAGE_STANDARD = gnu99;
				GCC_WARN_64_TO_32_BIT_CONVERSION = YES;
				GCC_WARN_ABOUT_RETURN_TYPE = YES_ERROR;
				GCC_WARN_UNDECLARED_SELECTOR = YES;
				GCC_WARN_UNINITIALIZED_AUTOS = YES_AGGRESSIVE;
				GCC_WARN_UNUSED_FUNCTION = YES;
				GCC_WARN_UNUSED_VARIABLE = YES;
				IPHONEOS_DEPLOYMENT_TARGET = 8.0;
				MTL_ENABLE_DEBUG_INFO = NO;
				SDKROOT = iphoneos;
				TARGETED_DEVICE_FAMILY = "1,2";
				VALIDATE_PRODUCT = YES;
			};
			name = Release;
		};
		215F731A19F18E970013787C /* Debug */ = {
			isa = XCBuildConfiguration;
			buildSettings = {
				ASSETCATALOG_COMPILER_APPICON_NAME = AppIcon;
				INFOPLIST_FILE = Postcard/Info.plist;
				LD_RUNPATH_SEARCH_PATHS = "$(inherited) @executable_path/Frameworks";
				PRODUCT_NAME = "$(TARGET_NAME)";
			};
			name = Debug;
		};
		215F731B19F18E970013787C /* Release */ = {
			isa = XCBuildConfiguration;
			buildSettings = {
				ASSETCATALOG_COMPILER_APPICON_NAME = AppIcon;
				INFOPLIST_FILE = Postcard/Info.plist;
				LD_RUNPATH_SEARCH_PATHS = "$(inherited) @executable_path/Frameworks";
				PRODUCT_NAME = "$(TARGET_NAME)";
			};
			name = Release;
		};
		215F731D19F18E970013787C /* Debug */ = {
			isa = XCBuildConfiguration;
			buildSettings = {
				BUNDLE_LOADER = "$(TEST_HOST)";
				FRAMEWORK_SEARCH_PATHS = (
					"$(SDKROOT)/Developer/Library/Frameworks",
					"$(inherited)",
				);
				GCC_PREPROCESSOR_DEFINITIONS = (
					"DEBUG=1",
					"$(inherited)",
				);
				INFOPLIST_FILE = PostcardTests/Info.plist;
				LD_RUNPATH_SEARCH_PATHS = "$(inherited) @executable_path/Frameworks @loader_path/Frameworks";
				PRODUCT_NAME = "$(TARGET_NAME)";
				TEST_HOST = "$(BUILT_PRODUCTS_DIR)/Postcard.app/Postcard";
			};
			name = Debug;
		};
		215F731E19F18E970013787C /* Release */ = {
			isa = XCBuildConfiguration;
			buildSettings = {
				BUNDLE_LOADER = "$(TEST_HOST)";
				FRAMEWORK_SEARCH_PATHS = (
					"$(SDKROOT)/Developer/Library/Frameworks",
					"$(inherited)",
				);
				INFOPLIST_FILE = PostcardTests/Info.plist;
				LD_RUNPATH_SEARCH_PATHS = "$(inherited) @executable_path/Frameworks @loader_path/Frameworks";
				PRODUCT_NAME = "$(TARGET_NAME)";
				TEST_HOST = "$(BUILT_PRODUCTS_DIR)/Postcard.app/Postcard";
			};
			name = Release;
		};
/* End XCBuildConfiguration section */

/* Begin XCConfigurationList section */
		215F72F519F18E970013787C /* Build configuration list for PBXProject "Postcard" */ = {
			isa = XCConfigurationList;
			buildConfigurations = (
				215F731719F18E970013787C /* Debug */,
				215F731819F18E970013787C /* Release */,
			);
			defaultConfigurationIsVisible = 0;
			defaultConfigurationName = Release;
		};
		215F731919F18E970013787C /* Build configuration list for PBXNativeTarget "Postcard" */ = {
			isa = XCConfigurationList;
			buildConfigurations = (
				215F731A19F18E970013787C /* Debug */,
				215F731B19F18E970013787C /* Release */,
			);
			defaultConfigurationIsVisible = 0;
			defaultConfigurationName = Release;
		};
		215F731C19F18E970013787C /* Build configuration list for PBXNativeTarget "PostcardTests" */ = {
			isa = XCConfigurationList;
			buildConfigurations = (
				215F731D19F18E970013787C /* Debug */,
				215F731E19F18E970013787C /* Release */,
			);
			defaultConfigurationIsVisible = 0;
			defaultConfigurationName = Release;
		};
/* End XCConfigurationList section */
	};
	rootObject = 215F72F219F18E970013787C /* Project object */;
}
